Microsoft Visual Studio Solution File, Format Version 12.00
# Visual Studio Version 17
VisualStudioVersion = 17.14.36408.4
MinimumVisualStudioVersion = 10.0.40219.1
Project("{FAE04EC0-301F-11D3-BF4B-00C04F79EFBC}") = "PaysisReconAPI", "PaysisReconAPI\PaysisReconAPI.csproj", "{089F1C62-2501-5396-2D77-04B246BADFDC}"
EndProject
Global
	GlobalSection(SolutionConfigurationPlatforms) = preSolution
		Debug|Any CPU = Debug|Any CPU
		Release|Any CPU = Release|Any CPU
	EndGlobalSection
	GlobalSection(ProjectConfigurationPlatforms) = postSolution
		{089F1C62-2501-5396-2D77-04B246BADFDC}.Debug|Any CPU.ActiveCfg = Debug|Any CPU
		{089F1C62-2501-5396-2D77-04B246BADFDC}.Debug|Any CPU.Build.0 = Debug|Any CPU
		{089F1C62-2501-5396-2D77-04B246BADFDC}.Release|Any CPU.ActiveCfg = Release|Any CPU
		{089F1C62-2501-5396-2D77-04B246BADFDC}.Release|Any CPU.Build.0 = Release|Any CPU
	EndGlobalSection
	GlobalSection(SolutionProperties) = preSolution
		HideSolutionNode = FALSE
	EndGlobalSection
	GlobalSection(ExtensibilityGlobals) = postSolution
		SolutionGuid = {E2366BD5-C620-4E26-A457-027C1411E51A}
	EndGlobalSection
EndGlobal
